// !$*UTF8*$!
{
	archiveVersion = 1;
	classes = {
	};
	objectVersion = 50;
	objects = {

/* Begin PBXBuildFile section */
		0744B51522321B5A00DB0AC8 /* MemeCollectionViewCell.swift in Sources */ = {isa = PBXBuildFile; fileRef = 0744B51422321B5A00DB0AC8 /* MemeCollectionViewCell.swift */; };
		0744B51722321E6800DB0AC8 /* MemeTableViewController.swift in Sources */ = {isa = PBXBuildFile; fileRef = 0744B51622321E6800DB0AC8 /* MemeTableViewController.swift */; };
		0744B51922321E7E00DB0AC8 /* MemesCollectionViewController.swift in Sources */ = {isa = PBXBuildFile; fileRef = 0744B51822321E7E00DB0AC8 /* MemesCollectionViewController.swift */; };
		07758FF322188BF800781241 /* AppDelegate.swift in Sources */ = {isa = PBXBuildFile; fileRef = 07758FF222188BF800781241 /* AppDelegate.swift */; };
		07758FF522188BF800781241 /* MemeEditorViewController.swift in Sources */ = {isa = PBXBuildFile; fileRef = 07758FF422188BF800781241 /* MemeEditorViewController.swift */; };
		07758FF822188BF800781241 /* Main.storyboard in Resources */ = {isa = PBXBuildFile; fileRef = 07758FF622188BF800781241 /* Main.storyboard */; };
		07758FFA22188BF900781241 /* Assets.xcassets in Resources */ = {isa = PBXBuildFile; fileRef = 07758FF922188BF900781241 /* Assets.xcassets */; };
		07758FFD22188BF900781241 /* LaunchScreen.storyboard in Resources */ = {isa = PBXBuildFile; fileRef = 07758FFB22188BF900781241 /* LaunchScreen.storyboard */; };
		07759005221B4DD100781241 /* Meme.swift in Sources */ = {isa = PBXBuildFile; fileRef = 07759004221B4DD100781241 /* Meme.swift */; };
		078F3EFB2235B7F800C40C03 /* MemeTableViewCell.swift in Sources */ = {isa = PBXBuildFile; fileRef = 078F3EFA2235B7F800C40C03 /* MemeTableViewCell.swift */; };
		07DEC09A2234A345001C0230 /* MemeDetailViewController.swift in Sources */ = {isa = PBXBuildFile; fileRef = 07DEC0992234A345001C0230 /* MemeDetailViewController.swift */; };
/* End PBXBuildFile section */

/* Begin PBXFileReference section */
		0744B51422321B5A00DB0AC8 /* MemeCollectionViewCell.swift */ = {isa = PBXFileReference; lastKnownFileType = sourcecode.swift; path = MemeCollectionViewCell.swift; sourceTree = "<group>"; };
		0744B51622321E6800DB0AC8 /* MemeTableViewController.swift */ = {isa = PBXFileReference; lastKnownFileType = sourcecode.swift; path = MemeTableViewController.swift; sourceTree = "<group>"; };
		0744B51822321E7E00DB0AC8 /* MemesCollectionViewController.swift */ = {isa = PBXFileReference; lastKnownFileType = sourcecode.swift; path = MemesCollectionViewController.swift; sourceTree = "<group>"; };
		07758FEF22188BF800781241 /* MemeMe.app */ = {isa = PBXFileReference; explicitFileType = wrapper.application; includeInIndex = 0; path = MemeMe.app; sourceTree = BUILT_PRODUCTS_DIR; };
		07758FF222188BF800781241 /* AppDelegate.swift */ = {isa = PBXFileReference; lastKnownFileType = sourcecode.swift; path = AppDelegate.swift; sourceTree = "<group>"; };
		07758FF422188BF800781241 /* MemeEditorViewController.swift */ = {isa = PBXFileReference; lastKnownFileType = sourcecode.swift; path = MemeEditorViewController.swift; sourceTree = "<group>"; };
		07758FF722188BF800781241 /* Base */ = {isa = PBXFileReference; lastKnownFileType = file.storyboard; name = Base; path = Base.lproj/Main.storyboard; sourceTree = "<group>"; };
		07758FF922188BF900781241 /* Assets.xcassets */ = {isa = PBXFileReference; lastKnownFileType = folder.assetcatalog; path = Assets.xcassets; sourceTree = "<group>"; };
		07758FFC22188BF900781241 /* Base */ = {isa = PBXFileReference; lastKnownFileType = file.storyboard; name = Base; path = Base.lproj/LaunchScreen.storyboard; sourceTree = "<group>"; };
		07758FFE22188BF900781241 /* Info.plist */ = {isa = PBXFileReference; lastKnownFileType = text.plist.xml; path = Info.plist; sourceTree = "<group>"; };
		07759004221B4DD100781241 /* Meme.swift */ = {isa = PBXFileReference; lastKnownFileType = sourcecode.swift; path = Meme.swift; sourceTree = "<group>"; };
		078F3EFA2235B7F800C40C03 /* MemeTableViewCell.swift */ = {isa = PBXFileReference; lastKnownFileType = sourcecode.swift; path = MemeTableViewCell.swift; sourceTree = "<group>"; };
		07DEC0992234A345001C0230 /* MemeDetailViewController.swift */ = {isa = PBXFileReference; lastKnownFileType = sourcecode.swift; path = MemeDetailViewController.swift; sourceTree = "<group>"; };
/* End PBXFileReference section */

/* Begin PBXFrameworksBuildPhase section */
		07758FEC22188BF800781241 /* Frameworks */ = {
			isa = PBXFrameworksBuildPhase;
			buildActionMask = 2147483647;
			files = (
			);
			runOnlyForDeploymentPostprocessing = 0;
		};
/* End PBXFrameworksBuildPhase section */

/* Begin PBXGroup section */
		07758FE622188BF800781241 = {
			isa = PBXGroup;
			children = (
				07758FF122188BF800781241 /* MemeMe */,
				07758FF022188BF800781241 /* Products */,
			);
			sourceTree = "<group>";
		};
		07758FF022188BF800781241 /* Products */ = {
			isa = PBXGroup;
			children = (
				07758FEF22188BF800781241 /* MemeMe.app */,
			);
			name = Products;
			sourceTree = "<group>";
		};
		07758FF122188BF800781241 /* MemeMe */ = {
			isa = PBXGroup;
			children = (
				07758FF222188BF800781241 /* AppDelegate.swift */,
				07759004221B4DD100781241 /* Meme.swift */,
				07758FF622188BF800781241 /* Main.storyboard */,
				07758FF922188BF900781241 /* Assets.xcassets */,
				07758FFB22188BF900781241 /* LaunchScreen.storyboard */,
				07758FFE22188BF900781241 /* Info.plist */,
				0744B51622321E6800DB0AC8 /* MemeTableViewController.swift */,
				0744B51822321E7E00DB0AC8 /* MemesCollectionViewController.swift */,
				07DEC0992234A345001C0230 /* MemeDetailViewController.swift */,
				07758FF422188BF800781241 /* MemeEditorViewController.swift */,
				0744B51422321B5A00DB0AC8 /* MemeCollectionViewCell.swift */,
				078F3EFA2235B7F800C40C03 /* MemeTableViewCell.swift */,
			);
			path = MemeMe;
			sourceTree = "<group>";
		};
/* End PBXGroup section */

/* Begin PBXNativeTarget section */
		07758FEE22188BF800781241 /* MemeMe */ = {
			isa = PBXNativeTarget;
			buildConfigurationList = 0775900122188BF900781241 /* Build configuration list for PBXNativeTarget "MemeMe" */;
			buildPhases = (
				07758FEB22188BF800781241 /* Sources */,
				07758FEC22188BF800781241 /* Frameworks */,
				07758FED22188BF800781241 /* Resources */,
			);
			buildRules = (
			);
			dependencies = (
			);
			name = MemeMe;
			productName = MemeMeV1;
			productReference = 07758FEF22188BF800781241 /* MemeMe.app */;
			productType = "com.apple.product-type.application";
		};
/* End PBXNativeTarget section */

/* Begin PBXProject section */
		07758FE722188BF800781241 /* Project object */ = {
			isa = PBXProject;
			attributes = {
				LastSwiftUpdateCheck = 1010;
				LastUpgradeCheck = 1010;
				ORGANIZATIONNAME = Udacity;
				TargetAttributes = {
					07758FEE22188BF800781241 = {
						CreatedOnToolsVersion = 10.1;
					};
				};
			};
			buildConfigurationList = 07758FEA22188BF800781241 /* Build configuration list for PBXProject "MemeMe" */;
			compatibilityVersion = "Xcode 9.3";
			developmentRegion = en;
			hasScannedForEncodings = 0;
			knownRegions = (
				en,
				Base,
			);
			mainGroup = 07758FE622188BF800781241;
			productRefGroup = 07758FF022188BF800781241 /* Products */;
			projectDirPath = "";
			projectRoot = "";
			targets = (
				07758FEE22188BF800781241 /* MemeMe */,
			);
		};
/* End PBXProject section */

/* Begin PBXResourcesBuildPhase section */
		07758FED22188BF800781241 /* Resources */ = {
			isa = PBXResourcesBuildPhase;
			buildActionMask = 2147483647;
			files = (
				07758FFD22188BF900781241 /* LaunchScreen.storyboard in Resources */,
				07758FFA22188BF900781241 /* Assets.xcassets in Resources */,
				07758FF822188BF800781241 /* Main.storyboard in Resources */,
			);
			runOnlyForDeploymentPostprocessing = 0;
		};
/* End PBXResourcesBuildPhase section */

/* Begin PBXSourcesBuildPhase section */
		07758FEB22188BF800781241 /* Sources */ = {
			isa = PBXSourcesBuildPhase;
			buildActionMask = 2147483647;
			files = (
				07759005221B4DD100781241 /* Meme.swift in Sources */,
				078F3EFB2235B7F800C40C03 /* MemeTableViewCell.swift in Sources */,
				07758FF522188BF800781241 /* MemeEditorViewController.swift in Sources */,
				0744B51522321B5A00DB0AC8 /* MemeCollectionViewCell.swift in Sources */,
				0744B51722321E6800DB0AC8 /* MemeTableViewController.swift in Sources */,
				07DEC09A2234A345001C0230 /* MemeDetailViewController.swift in Sources */,
				0744B51922321E7E00DB0AC8 /* MemesCollectionViewController.swift in Sources */,
				07758FF322188BF800781241 /* AppDelegate.swift in Sources */,
			);
			runOnlyForDeploymentPostprocessing = 0;
		};
/* End PBXSourcesBuildPhase section */

/* Begin PBXVariantGroup section */
		07758FF622188BF800781241 /* Main.storyboard */ = {
			isa = PBXVariantGroup;
			children = (
				07758FF722188BF800781241 /* Base */,
			);
			name = Main.storyboard;
			sourceTree = "<group>";
		};
		07758FFB22188BF900781241 /* LaunchScreen.storyboard */ = {
			isa = PBXVariantGroup;
			children = (
				07758FFC22188BF900781241 /* Base */,
			);
			name = LaunchScreen.storyboard;
			sourceTree = "<group>";
		};
/* End PBXVariantGroup section */

/* Begin XCBuildConfiguration section */
		07758FFF22188BF900781241 /* Debug */ = {
			isa = XCBuildConfiguration;
			buildSettings = {
				ALWAYS_SEARCH_USER_PATHS = NO;
				CLANG_ANALYZER_NONNULL = YES;
				CLANG_ANALYZER_NUMBER_OBJECT_CONVERSION = YES_AGGRESSIVE;
				CLANG_CXX_LANGUAGE_STANDARD = "gnu++14";
				CLANG_CXX_LIBRARY = "libc++";
				CLANG_ENABLE_MODULES = YES;
				CLANG_ENABLE_OBJC_ARC = YES;
				CLANG_ENABLE_OBJC_WEAK = YES;
				CLANG_WARN_BLOCK_CAPTURE_AUTORELEASING = YES;
				CLANG_WARN_BOOL_CONVERSION = YES;
				CLANG_WARN_COMMA = YES;
				CLANG_WARN_CONSTANT_CONVERSION = YES;
				CLANG_WARN_DEPRECATED_OBJC_IMPLEMENTATIONS = YES;
				CLANG_WARN_DIRECT_OBJC_ISA_USAGE = YES_ERROR;
				CLANG_WARN_DOCUMENTATION_COMMENTS = YES;
				CLANG_WARN_EMPTY_BODY = YES;
				CLANG_WARN_ENUM_CONVERSION = YES;
				CLANG_WARN_INFINITE_RECURSION = YES;
				CLANG_WARN_INT_CONVERSION = YES;
				CLANG_WARN_NON_LITERAL_NULL_CONVERSION = YES;
				CLANG_WARN_OBJC_IMPLICIT_RETAIN_SELF = YES;
				CLANG_WARN_OBJC_LITERAL_CONVERSION = YES;
				CLANG_WARN_OBJC_ROOT_CLASS = YES_ERROR;
				CLANG_WARN_RANGE_LOOP_ANALYSIS = YES;
				CLANG_WARN_STRICT_PROTOTYPES = YES;
				CLANG_WARN_SUSPICIOUS_MOVE = YES;
				CLANG_WARN_UNGUARDED_AVAILABILITY = YES_AGGRESSIVE;
				CLANG_WARN_UNREACHABLE_CODE = YES;
				CLANG_WARN__DUPLICATE_METHOD_MATCH = YES;
				CODE_SIGN_IDENTITY = "iPhone Developer";
				COPY_PHASE_STRIP = NO;
				DEBUG_INFORMATION_FORMAT = dwarf;
				ENABLE_STRICT_OBJC_MSGSEND = YES;
				ENABLE_TESTABILITY = YES;
				GCC_C_LANGUAGE_STANDARD = gnu11;
				GCC_DYNAMIC_NO_PIC = NO;
				GCC_NO_COMMON_BLOCKS = YES;
				GCC_OPTIMIZATION_LEVEL = 0;
				GCC_PREPROCESSOR_DEFINITIONS = (
					"DEBUG=1",
					"$(inherited)",
				);
				GCC_WARN_64_TO_32_BIT_CONVERSION = YES;
				GCC_WARN_ABOUT_RETURN_TYPE = YES_ERROR;
				GCC_WARN_UNDECLARED_SELECTOR = YES;
				GCC_WARN_UNINITIALIZED_AUTOS = YES_AGGRESSIVE;
				GCC_WARN_UNUSED_FUNCTION = YES;
				GCC_WARN_UNUSED_VARIABLE = YES;
				IPHONEOS_DEPLOYMENT_TARGET = 12.1;
				MTL_ENABLE_DEBUG_INFO = INCLUDE_SOURCE;
				MTL_FAST_MATH = YES;
				ONLY_ACTIVE_ARCH = YES;
				SDKROOT = iphoneos;
				SWIFT_ACTIVE_COMPILATION_CONDITIONS = DEBUG;
				SWIFT_OPTIMIZATION_LEVEL = "-Onone";
			};
			name = Debug;
		};
		0775900022188BF900781241 /* Release */ = {
			isa = XCBuildConfiguration;
			buildSettings = {
				ALWAYS_SEARCH_USER_PATHS = NO;
				CLANG_ANALYZER_NONNULL = YES;
				CLANG_ANALYZER_NUMBER_OBJECT_CONVERSION = YES_AGGRESSIVE;
				CLANG_CXX_LANGUAGE_STANDARD = "gnu++14";
				CLANG_CXX_LIBRARY = "libc++";
				CLANG_ENABLE_MODULES = YES;
				CLANG_ENABLE_OBJC_ARC = YES;
				CLANG_ENABLE_OBJC_WEAK = YES;
				CLANG_WARN_BLOCK_CAPTURE_AUTORELEASING = YES;
				CLANG_WARN_BOOL_CONVERSION = YES;
				CLANG_WARN_COMMA = YES;
				CLANG_WARN_CONSTANT_CONVERSION = YES;
				CLANG_WARN_DEPRECATED_OBJC_IMPLEMENTATIONS = YES;
				CLANG_WARN_DIRECT_OBJC_ISA_USAGE = YES_ERROR;
				CLANG_WARN_DOCUMENTATION_COMMENTS = YES;
				CLANG_WARN_EMPTY_BODY = YES;
				CLANG_WARN_ENUM_CONVERSION = YES;
				CLANG_WARN_INFINITE_RECURSION = YES;
				CLANG_WARN_INT_CONVERSION = YES;
				CLANG_WARN_NON_LITERAL_NULL_CONVERSION = YES;
				CLANG_WARN_OBJC_IMPLICIT_RETAIN_SELF = YES;
				CLANG_WARN_OBJC_LITERAL_CONVERSION = YES;
				CLANG_WARN_OBJC_ROOT_CLASS = YES_ERROR;
				CLANG_WARN_RANGE_LOOP_ANALYSIS = YES;
				CLANG_WARN_STRICT_PROTOTYPES = YES;
				CLANG_WARN_SUSPICIOUS_MOVE = YES;
				CLANG_WARN_UNGUARDED_AVAILABILITY = YES_AGGRESSIVE;
				CLANG_WARN_UNREACHABLE_CODE = YES;
				CLANG_WARN__DUPLICATE_METHOD_MATCH = YES;
				CODE_SIGN_IDENTITY = "iPhone Developer";
				COPY_PHASE_STRIP = NO;
				DEBUG_INFORMATION_FORMAT = "dwarf-with-dsym";
				ENABLE_NS_ASSERTIONS = NO;
				ENABLE_STRICT_OBJC_MSGSEND = YES;
				GCC_C_LANGUAGE_STANDARD = gnu11;
				GCC_NO_COMMON_BLOCKS = YES;
				GCC_WARN_64_TO_32_BIT_CONVERSION = YES;
				GCC_WARN_ABOUT_RETURN_TYPE = YES_ERROR;
				GCC_WARN_UNDECLARED_SELECTOR = YES;
				GCC_WARN_UNINITIALIZED_AUTOS = YES_AGGRESSIVE;
				GCC_WARN_UNUSED_FUNCTION = YES;
				GCC_WARN_UNUSED_VARIABLE = YES;
				IPHONEOS_DEPLOYMENT_TARGET = 12.1;
				MTL_ENABLE_DEBUG_INFO = NO;
				MTL_FAST_MATH = YES;
				SDKROOT = iphoneos;
				SWIFT_COMPILATION_MODE = wholemodule;
				SWIFT_OPTIMIZATION_LEVEL = "-O";
				VALIDATE_PRODUCT = YES;
			};
			name = Release;
		};
		0775900222188BF900781241 /* Debug */ = {
			isa = XCBuildConfiguration;
			buildSettings = {
				ASSETCATALOG_COMPILER_APPICON_NAME = AppIcon;
				CODE_SIGN_IDENTITY = "iPhone Developer";
				CODE_SIGN_STYLE = Automatic;
				DEVELOPMENT_TEAM = 96WV9YZG75;
				INFOPLIST_FILE = "$(SRCROOT)/MemeMe/Info.plist";
				LD_RUNPATH_SEARCH_PATHS = (
					"$(inherited)",
					"@executable_path/Frameworks",
				);
				PRODUCT_BUNDLE_IDENTIFIER = com.reda.MemeMe;
				PRODUCT_NAME = "$(TARGET_NAME)";
				PROVISIONING_PROFILE_SPECIFIER = "";
				SWIFT_VERSION = 4.2;
				TARGETED_DEVICE_FAMILY = "1,2";
			};
			name = Debug;
		};
		0775900322188BF900781241 /* Release */ = {
			isa = XCBuildConfiguration;
			buildSettings = {
				ASSETCATALOG_COMPILER_APPICON_NAME = AppIcon;
				CODE_SIGN_IDENTITY = "iPhone Developer";
				CODE_SIGN_STYLE = Automatic;
				DEVELOPMENT_TEAM = 96WV9YZG75;
				INFOPLIST_FILE = "$(SRCROOT)/MemeMe/Info.plist";
				LD_RUNPATH_SEARCH_PATHS = (
					"$(inherited)",
					"@executable_path/Frameworks",
				);
				PRODUCT_BUNDLE_IDENTIFIER = com.reda.MemeMe;
				PRODUCT_NAME = "$(TARGET_NAME)";
				PROVISIONING_PROFILE_SPECIFIER = "";
				SWIFT_VERSION = 4.2;
				TARGETED_DEVICE_FAMILY = "1,2";
			};
			name = Release;
		};
/* End XCBuildConfiguration section */

/* Begin XCConfigurationList section */
		07758FEA22188BF800781241 /* Build configuration list for PBXProject "MemeMe" */ = {
			isa = XCConfigurationList;
			buildConfigurations = (
				07758FFF22188BF900781241 /* Debug */,
				0775900022188BF900781241 /* Release */,
			);
			defaultConfigurationIsVisible = 0;
			defaultConfigurationName = Release;
		};
		0775900122188BF900781241 /* Build configuration list for PBXNativeTarget "MemeMe" */ = {
			isa = XCConfigurationList;
			buildConfigurations = (
				0775900222188BF900781241 /* Debug */,
				0775900322188BF900781241 /* Release */,
			);
			defaultConfigurationIsVisible = 0;
			defaultConfigurationName = Release;
		};
/* End XCConfigurationList section */
	};
	rootObject = 07758FE722188BF800781241 /* Project object */;
}
